
Microsoft Visual Studio Solution File, Format Version 12.00
# Visual Studio Version 16
VisualStudioVersion = 16.0.810.1
MinimumVisualStudioVersion = 10.0.40219.1
Project("{FAE04EC0-301F-11D3-BF4B-00C04F79EFBC}") = "SampleApp.Android", "SampleApp.Android\SampleApp.Android.csproj", "{76CCE504-EA2E-42D4-9323-136E58B831C8}"
EndProject
Project("{FAE04EC0-301F-11D3-BF4B-00C04F79EFBC}") = "SampleApp.iOS", "SampleApp.iOS\SampleApp.iOS.csproj", "{0E3A8417-75F4-4EA6-9F1C-C7211C517208}"
EndProject
Project("{FAE04EC0-301F-11D3-BF4B-00C04F79EFBC}") = "SampleApp", "SampleApp\SampleApp.csproj", "{13DD5062-AE63-4517-AF1E-1098F2C39FCC}"
EndProject
Global
	GlobalSection(SolutionConfigurationPlatforms) = preSolution
		Debug|Any CPU = Debug|Any CPU
		Release|Any CPU = Release|Any CPU
		Debug|iPhoneSimulator = Debug|iPhoneSimulator
		Release|iPhoneSimulator = Release|iPhoneSimulator
		Debug|iPhone = Debug|iPhone
		Release|iPhone = Release|iPhone
	EndGlobalSection
	GlobalSection(ProjectConfigurationPlatforms) = postSolution
		{76CCE504-EA2E-42D4-9323-136E58B831C8}.Debug|Any CPU.ActiveCfg = Debug|Any CPU
		{76CCE504-EA2E-42D4-9323-136E58B831C8}.Debug|Any CPU.Build.0 = Debug|Any CPU
		{76CCE504-EA2E-42D4-9323-136E58B831C8}.Release|Any CPU.ActiveCfg = Release|Any CPU
		{76CCE504-EA2E-42D4-9323-136E58B831C8}.Release|Any CPU.Build.0 = Release|Any CPU
		{76CCE504-EA2E-42D4-9323-136E58B831C8}.Debug|iPhoneSimulator.ActiveCfg = Debug|Any CPU
		{76CCE504-EA2E-42D4-9323-136E58B831C8}.Debug|iPhoneSimulator.Build.0 = Debug|Any CPU
		{76CCE504-EA2E-42D4-9323-136E58B831C8}.Release|iPhoneSimulator.ActiveCfg = Release|Any CPU
		{76CCE504-EA2E-42D4-9323-136E58B831C8}.Release|iPhoneSimulator.Build.0 = Release|Any CPU
		{76CCE504-EA2E-42D4-9323-136E58B831C8}.Debug|iPhone.ActiveCfg = Debug|Any CPU
		{76CCE504-EA2E-42D4-9323-136E58B831C8}.Debug|iPhone.Build.0 = Debug|Any CPU
		{76CCE504-EA2E-42D4-9323-136E58B831C8}.Release|iPhone.ActiveCfg = Release|Any CPU
		{76CCE504-EA2E-42D4-9323-136E58B831C8}.Release|iPhone.Build.0 = Release|Any CPU
		{0E3A8417-75F4-4EA6-9F1C-C7211C517208}.Debug|Any CPU.ActiveCfg = Debug|iPhoneSimulator
		{0E3A8417-75F4-4EA6-9F1C-C7211C517208}.Debug|Any CPU.Build.0 = Debug|iPhoneSimulator
		{0E3A8417-75F4-4EA6-9F1C-C7211C517208}.Release|Any CPU.ActiveCfg = Release|iPhoneSimulator
		{0E3A8417-75F4-4EA6-9F1C-C7211C517208}.Release|Any CPU.Build.0 = Release|iPhoneSimulator
		{0E3A8417-75F4-4EA6-9F1C-C7211C517208}.Debug|iPhoneSimulator.ActiveCfg = Debug|iPhoneSimulator
		{0E3A8417-75F4-4EA6-9F1C-C7211C517208}.Debug|iPhoneSimulator.Build.0 = Debug|iPhoneSimulator
		{0E3A8417-75F4-4EA6-9F1C-C7211C517208}.Release|iPhoneSimulator.ActiveCfg = Release|iPhoneSimulator
		{0E3A8417-75F4-4EA6-9F1C-C7211C517208}.Release|iPhoneSimulator.Build.0 = Release|iPhoneSimulator
		{0E3A8417-75F4-4EA6-9F1C-C7211C517208}.Debug|iPhone.ActiveCfg = Debug|iPhone
		{0E3A8417-75F4-4EA6-9F1C-C7211C517208}.Debug|iPhone.Build.0 = Debug|iPhone
		{0E3A8417-75F4-4EA6-9F1C-C7211C517208}.Release|iPhone.ActiveCfg = Release|iPhone
		{0E3A8417-75F4-4EA6-9F1C-C7211C517208}.Release|iPhone.Build.0 = Release|iPhone
		{13DD5062-AE63-4517-AF1E-1098F2C39FCC}.Debug|Any CPU.ActiveCfg = Debug|Any CPU
		{13DD5062-AE63-4517-AF1E-1098F2C39FCC}.Debug|Any CPU.Build.0 = Debug|Any CPU
		{13DD5062-AE63-4517-AF1E-1098F2C39FCC}.Release|Any CPU.ActiveCfg = Release|Any CPU
		{13DD5062-AE63-4517-AF1E-1098F2C39FCC}.Release|Any CPU.Build.0 = Release|Any CPU
		{13DD5062-AE63-4517-AF1E-1098F2C39FCC}.Debug|iPhoneSimulator.ActiveCfg = Debug|Any CPU
		{13DD5062-AE63-4517-AF1E-1098F2C39FCC}.Debug|iPhoneSimulator.Build.0 = Debug|Any CPU
		{13DD5062-AE63-4517-AF1E-1098F2C39FCC}.Release|iPhoneSimulator.ActiveCfg = Release|Any CPU
		{13DD5062-AE63-4517-AF1E-1098F2C39FCC}.Release|iPhoneSimulator.Build.0 = Release|Any CPU
		{13DD5062-AE63-4517-AF1E-1098F2C39FCC}.Debug|iPhone.ActiveCfg = Debug|Any CPU
		{13DD5062-AE63-4517-AF1E-1098F2C39FCC}.Debug|iPhone.Build.0 = Debug|Any CPU
		{13DD5062-AE63-4517-AF1E-1098F2C39FCC}.Release|iPhone.ActiveCfg = Release|Any CPU
		{13DD5062-AE63-4517-AF1E-1098F2C39FCC}.Release|iPhone.Build.0 = Release|Any CPU
	EndGlobalSection
	GlobalSection(SolutionProperties) = preSolution
		HideSolutionNode = FALSE
	EndGlobalSection
	GlobalSection(ExtensibilityGlobals) = postSolution
		SolutionGuid = {6D902A92-0566-4806-8BB1-5839E483F5ED}
	EndGlobalSection
EndGlobal
